
Microsoft Visual Studio Solution File, Format Version 12.00
Project("{FAE04EC0-301F-11D3-BF4B-00C04F79EFBC}") = "Avalonia.TodoList", "Avalonia.TodoList\Avalonia.TodoList.csproj", "{A0FB2C3F-93BD-4F58-B46E-103F080E266A}"
EndProject
Global
	GlobalSection(SolutionConfigurationPlatforms) = preSolution
		Debug|Any CPU = Debug|Any CPU
		Release|Any CPU = Release|Any CPU
	EndGlobalSection
	GlobalSection(ProjectConfigurationPlatforms) = postSolution
		{A0FB2C3F-93BD-4F58-B46E-103F080E266A}.Debug|Any CPU.ActiveCfg = Debug|Any CPU
		{A0FB2C3F-93BD-4F58-B46E-103F080E266A}.Debug|Any CPU.Build.0 = Debug|Any CPU
		{A0FB2C3F-93BD-4F58-B46E-103F080E266A}.Release|Any CPU.ActiveCfg = Release|Any CPU
		{A0FB2C3F-93BD-4F58-B46E-103F080E266A}.Release|Any CPU.Build.0 = Release|Any CPU
	EndGlobalSection
EndGlobal
